
Microsoft Visual Studio Solution File, Format Version 12.00
# Visual Studio Version 16
VisualStudioVersion = 16.0.28729.10
MinimumVisualStudioVersion = 10.0.40219.1
Project("{FAE04EC0-301F-11D3-BF4B-00C04F79EFBC}") = "Winform_students", "Winform_students.csproj", "{D5E2BB76-6354-4C2D-92FC-733E219F620B}"
EndProject
Global
	GlobalSection(SolutionConfigurationPlatforms) = preSolution
		Debug|Any CPU = Debug|Any CPU
		Release|Any CPU = Release|Any CPU
	EndGlobalSection
	GlobalSection(ProjectConfigurationPlatforms) = postSolution
		{D5E2BB76-6354-4C2D-92FC-733E219F620B}.Debug|Any CPU.ActiveCfg = Debug|Any CPU
		{D5E2BB76-6354-4C2D-92FC-733E219F620B}.Debug|Any CPU.Build.0 = Debug|Any CPU
		{D5E2BB76-6354-4C2D-92FC-733E219F620B}.Release|Any CPU.ActiveCfg = Release|Any CPU
		{D5E2BB76-6354-4C2D-92FC-733E219F620B}.Release|Any CPU.Build.0 = Release|Any CPU
	EndGlobalSection
	GlobalSection(SolutionProperties) = preSolution
		HideSolutionNode = FALSE
	EndGlobalSection
	GlobalSection(ExtensibilityGlobals) = postSolution
		SolutionGuid = {11F9600A-4099-48FA-96E2-0192DB693C77}
	EndGlobalSection
EndGlobal
